{
  "version": 4,
  "terraform_version": "1.14.1",
  "serial": 28,
  "lineage": "87e2830e-aea5-82aa-6a3e-f75f73863942",
  "outputs": {
    "STATE_PRIVATE_IP": {
      "value": "10.0.1.60",
      "type": "string"
    },
    "STATE_PUBLIC_IP": {
      "value": "52.201.96.185",
      "type": "string"
    }
  },
  "resources": [
    {
      "module": "module.compute",
      "mode": "managed",
      "type": "aws_ebs_volume",
      "name": "state_data_volume",
      "provider": "provider[\"registry.terraform.io/hashicorp/aws\"]",
      "instances": [
        {
          "schema_version": 0,
          "attributes": {
            "arn": "arn:aws:ec2:us-east-1:957842195675:volume/vol-0cd85372061aa2938",
            "availability_zone": "us-east-1a",
            "create_time": "2026-01-14T22:12:03Z",
            "encrypted": false,
            "final_snapshot": false,
            "id": "vol-0cd85372061aa2938",
            "iops": 3000,
            "kms_key_id": "",
            "multi_attach_enabled": false,
            "outpost_arn": "",
            "region": "us-east-1",
            "size": 10,
            "snapshot_id": "",
            "tags": {
              "Name": "dermatech-infra-state-persistence"
            },
            "tags_all": {
              "Name": "dermatech-infra-state-persistence"
            },
            "throughput": 125,
            "timeouts": null,
            "type": "gp3",
            "volume_initialization_rate": 0
          },
          "sensitive_attributes": [],
          "identity_schema_version": 0,
          "private": "eyJlMmJmYjczMC1lY2FhLTExZTYtOGY4OC0zNDM2M2JjN2M0YzAiOnsiY3JlYXRlIjozMDAwMDAwMDAwMDAsImRlbGV0ZSI6NjAwMDAwMDAwMDAwLCJ1cGRhdGUiOjMwMDAwMDAwMDAwMH19"
        }
      ]
    },
    {
      "module": "module.compute",
      "mode": "managed",
      "type": "aws_eip",
      "name": "state_eip",
      "provider": "provider[\"registry.terraform.io/hashicorp/aws\"]",
      "instances": [
        {
          "schema_version": 0,
          "attributes": {
            "address": null,
            "allocation_id": "eipalloc-06cab0c77784902e7",
            "arn": "arn:aws:ec2:us-east-1:957842195675:elastic-ip/eipalloc-06cab0c77784902e7",
            "associate_with_private_ip": null,
            "association_id": "eipassoc-0d5dc3c16be1b274c",
            "carrier_ip": "",
            "customer_owned_ip": "",
            "customer_owned_ipv4_pool": "",
            "domain": "vpc",
            "id": "eipalloc-06cab0c77784902e7",
            "instance": "i-00d78ad14489bf8ad",
            "ipam_pool_id": null,
            "network_border_group": "us-east-1",
            "network_interface": "eni-07dc717507beecadf",
            "private_dns": "ip-10-0-1-60.ec2.internal",
            "private_ip": "10.0.1.60",
            "ptr_record": "",
            "public_dns": "ec2-52-201-96-185.compute-1.amazonaws.com",
            "public_ip": "52.201.96.185",
            "public_ipv4_pool": "amazon",
            "region": "us-east-1",
            "tags": {
              "Name": "dermatech-infra-state-eip"
            },
            "tags_all": {
              "Name": "dermatech-infra-state-eip"
            },
            "timeouts": null
          },
          "sensitive_attributes": [],
          "identity_schema_version": 0,
          "private": "eyJlMmJmYjczMC1lY2FhLTExZTYtOGY4OC0zNDM2M2JjN2M0YzAiOnsiZGVsZXRlIjoxODAwMDAwMDAwMDAsInJlYWQiOjkwMDAwMDAwMDAwMCwidXBkYXRlIjozMDAwMDAwMDAwMDB9fQ=="
        }
      ]
    },
    {
      "module": "module.compute",
      "mode": "managed",
      "type": "aws_eip_association",
      "name": "state_eip_assoc",
      "provider": "provider[\"registry.terraform.io/hashicorp/aws\"]",
      "instances": [
        {
          "schema_version": 0,
          "attributes": {
            "allocation_id": "eipalloc-06cab0c77784902e7",
            "allow_reassociation": null,
            "id": "eipassoc-04f1f6e7d4344810c",
            "instance_id": "i-00b5ea9a4b6ba4fcf",
            "network_interface_id": "eni-0d5b942fe09a1ec1b",
            "private_ip_address": "10.0.1.60",
            "public_ip": "52.201.96.185",
            "region": "us-east-1"
          },
          "sensitive_attributes": [],
          "identity_schema_version": 0,
          "private": "bnVsbA==",
          "dependencies": [
            "module.compute.aws_eip.state_eip",
            "module.compute.aws_instance.state_worker",
            "module.compute.aws_security_group.state_sg",
            "module.networking.aws_subnet.public",
            "module.networking.aws_vpc.main"
          ]
        }
      ]
    },
    {
      "module": "module.compute",
      "mode": "managed",
      "type": "aws_instance",
      "name": "state_worker",
      "provider": "provider[\"registry.terraform.io/hashicorp/aws\"]",
      "instances": [
        {
          "schema_version": 2,
          "attributes": {
            "ami": "ami-051f7e7f6c2f40dc1",
            "arn": "arn:aws:ec2:us-east-1:957842195675:instance/i-00b5ea9a4b6ba4fcf",
            "associate_public_ip_address": true,
            "availability_zone": "us-east-1a",
            "capacity_reservation_specification": [
              {
                "capacity_reservation_preference": "open",
                "capacity_reservation_target": []
              }
            ],
            "cpu_options": [
              {
                "amd_sev_snp": "",
                "core_count": 1,
                "threads_per_core": 2
              }
            ],
            "credit_specification": [
              {
                "cpu_credits": "unlimited"
              }
            ],
            "disable_api_stop": false,
            "disable_api_termination": false,
            "ebs_block_device": [],
            "ebs_optimized": false,
            "enable_primary_ipv6": null,
            "enclave_options": [
              {
                "enabled": false
              }
            ],
            "ephemeral_block_device": [],
            "force_destroy": false,
            "get_password_data": false,
            "hibernation": false,
            "host_id": "",
            "host_resource_group_arn": null,
            "iam_instance_profile": "",
            "id": "i-00b5ea9a4b6ba4fcf",
            "instance_initiated_shutdown_behavior": "stop",
            "instance_lifecycle": "",
            "instance_market_options": [],
            "instance_state": "running",
            "instance_type": "t3.large",
            "ipv6_address_count": 0,
            "ipv6_addresses": [],
            "key_name": "",
            "launch_template": [],
            "maintenance_options": [
              {
                "auto_recovery": "default"
              }
            ],
            "metadata_options": [
              {
                "http_endpoint": "enabled",
                "http_protocol_ipv6": "disabled",
                "http_put_response_hop_limit": 2,
                "http_tokens": "required",
                "instance_metadata_tags": "disabled"
              }
            ],
            "monitoring": false,
            "network_interface": [],
            "outpost_arn": "",
            "password_data": "",
            "placement_group": "",
            "placement_group_id": "",
            "placement_partition_number": 0,
            "primary_network_interface": [
              {
                "delete_on_termination": true,
                "network_interface_id": "eni-0d5b942fe09a1ec1b"
              }
            ],
            "primary_network_interface_id": "eni-0d5b942fe09a1ec1b",
            "private_dns": "ip-10-0-1-60.ec2.internal",
            "private_dns_name_options": [
              {
                "enable_resource_name_dns_a_record": false,
                "enable_resource_name_dns_aaaa_record": false,
                "hostname_type": "ip-name"
              }
            ],
            "private_ip": "10.0.1.60",
            "public_dns": "ec2-98-86-231-157.compute-1.amazonaws.com",
            "public_ip": "98.86.231.157",
            "region": "us-east-1",
            "root_block_device": [
              {
                "delete_on_termination": true,
                "device_name": "/dev/xvda",
                "encrypted": false,
                "iops": 3000,
                "kms_key_id": "",
                "tags": null,
                "tags_all": {},
                "throughput": 125,
                "volume_id": "vol-03efaaff0f1766420",
                "volume_size": 25,
                "volume_type": "gp3"
              }
            ],
            "secondary_private_ips": [],
            "security_groups": [],
            "source_dest_check": true,
            "spot_instance_request_id": "",
            "subnet_id": "subnet-03a89fe56aa0e961c",
            "tags": {
              "Name": "dermatech-infra-state-server"
            },
            "tags_all": {
              "Name": "dermatech-infra-state-server"
            },
            "tenancy": "default",
            "timeouts": null,
            "user_data": "#!/bin/bash\r\nset -e\r\n\r\n# A. INSTALL DOCKER \u0026 TOOLS\r\ndnf update -y\r\ndnf install -y docker git htop\r\nsystemctl start docker\r\nsystemctl enable docker\r\nusermod -aG docker ec2-user\r\n\r\n# B. INSTALL DOCKER COMPOSE V2\r\nmkdir -p /usr/local/lib/docker/cli-plugins\r\ncurl -SL https://github.com/docker/compose/releases/download/v2.24.0/docker-compose-linux-x86_64 -o /usr/local/lib/docker/cli-plugins/docker-compose\r\nchmod +x /usr/local/lib/docker/cli-plugins/docker-compose\r\n\r\n# C. SWAP MEMORY CONFIGURATION (STABILITY FIX)\r\n# Adds 4GB Swap to prevent Prometheus OOM Kills\r\ndd if=/dev/zero of=/swapfile bs=128M count=32\r\nchmod 600 /swapfile\r\nmkswap /swapfile\r\nswapon /swapfile\r\necho \"/swapfile swap swap defaults 0 0\" \u003e\u003e /etc/fstab\r\n\r\n# D. MOUNT PERSISTENT DISK\r\nDATA_DISK=\"/dev/nvme1n1\"\r\nMOUNT_POINT=\"/data\"\r\n    \r\n# Wait for EBS attachment\r\nsleep 20 \r\n\r\nif ! blkid $DATA_DISK; then\r\n    mkfs -t xfs $DATA_DISK\r\nfi\r\nmkdir -p $MOUNT_POINT\r\nmount $DATA_DISK $MOUNT_POINT\r\necho \"$DATA_DISK $MOUNT_POINT xfs defaults,nofail 0 2\" \u003e\u003e /etc/fstab\r\n    \r\n# Create Persistent Directories\r\nmkdir -p $MOUNT_POINT/redis_data\r\nmkdir -p $MOUNT_POINT/prometheus_data\r\nmkdir -p $MOUNT_POINT/grafana_data\r\nmkdir -p $MOUNT_POINT/prometheus_config\r\n    \r\n# --- CRITICAL PERMISSION FIX ---\r\n# Prevents \"Permission Denied\" errors for Redis/Grafana (UID 472/1000)\r\nchmod -R 777 $MOUNT_POINT\r\n\r\n# E. CREATE PROMETHEUS CONFIGURATION\r\ncat \u003c\u003c'PROMCONF' \u003e $MOUNT_POINT/prometheus_config/prometheus.yml\r\nglobal:\r\n  scrape_interval: 15s\r\n\r\nscrape_configs:\r\n  - job_name: 'prometheus'\r\n    static_configs:\r\n      - targets: ['localhost:9090']\r\n  # Placeholder for Node A/B targets\r\nPROMCONF\r\n\r\n# F. CREATE DOCKER COMPOSE FILE\r\ncat \u003c\u003c'COMPOSE' \u003e /home/ec2-user/docker-compose.yml\r\nversion: '3.8'\r\nservices:\r\n  redis:\r\n    image: redis:alpine\r\n    container_name: redis\r\n    ports:\r\n      - \"6379:6379\"\r\n    # Redis Persistence Command\r\n    command: redis-server --appendonly yes --requirepass \"admin123\"\r\n    volumes:\r\n      - $MOUNT_POINT/redis_data:/data\r\n    restart: always\r\n\r\n  prometheus:\r\n    image: prom/prometheus:latest\r\n    container_name: prometheus\r\n    ports:\r\n      - \"9090:9090\"\r\n    volumes:\r\n      - $MOUNT_POINT/prometheus_config/prometheus.yml:/etc/prometheus/prometheus.yml\r\n      - $MOUNT_POINT/prometheus_data:/prometheus\r\n    command:\r\n      - '--config.file=/etc/prometheus/prometheus.yml'\r\n      - '--storage.tsdb.path=/prometheus'\r\n      - '--web.console.libraries=/usr/share/prometheus/console_libraries'\r\n      - '--web.console.templates=/usr/share/prometheus/consoles'\r\n    restart: always\r\n\r\n  grafana:\r\n    image: grafana/grafana:latest\r\n    container_name: grafana\r\n    ports:\r\n      - \"3000:3000\"\r\n    environment:\r\n      - GF_SECURITY_ADMIN_USER=admin\r\n      - GF_SECURITY_ADMIN_PASSWORD=admin\r\n    volumes:\r\n      - $MOUNT_POINT/grafana_data:/var/lib/grafana\r\n    depends_on:\r\n      - prometheus\r\n    restart: always\r\nCOMPOSE\r\n\r\n# G. START SERVICES\r\ncd /home/ec2-user\r\n# Re-apply permissions just in case\r\nchmod -R 777 $MOUNT_POINT\r\ndocker compose up -d\r\n    \r\necho \"SETUP COMPLETE: State Services Running.\"\r\n",
            "user_data_base64": null,
            "user_data_replace_on_change": true,
            "volume_tags": null,
            "vpc_security_group_ids": [
              "sg-05bc2763c892979c0"
            ]
          },
          "sensitive_attributes": [],
          "identity_schema_version": 0,
          "identity": {
            "account_id": "957842195675",
            "id": "i-00b5ea9a4b6ba4fcf",
            "region": "us-east-1"
          },
          "private": "eyJlMmJmYjczMC1lY2FhLTExZTYtOGY4OC0zNDM2M2JjN2M0YzAiOnsiY3JlYXRlIjo2MDAwMDAwMDAwMDAsImRlbGV0ZSI6MTIwMDAwMDAwMDAwMCwicmVhZCI6OTAwMDAwMDAwMDAwLCJ1cGRhdGUiOjYwMDAwMDAwMDAwMH0sInNjaGVtYV92ZXJzaW9uIjoiMiJ9",
          "dependencies": [
            "module.compute.aws_security_group.state_sg",
            "module.networking.aws_subnet.public",
            "module.networking.aws_vpc.main"
          ]
        }
      ]
    },
    {
      "module": "module.compute",
      "mode": "managed",
      "type": "aws_security_group",
      "name": "state_sg",
      "provider": "provider[\"registry.terraform.io/hashicorp/aws\"]",
      "instances": [
        {
          "schema_version": 1,
          "attributes": {
            "arn": "arn:aws:ec2:us-east-1:957842195675:security-group/sg-05bc2763c892979c0",
            "description": "Security Group for State \u0026 Monitoring (Whitelisted)",
            "egress": [
              {
                "cidr_blocks": [
                  "0.0.0.0/0"
                ],
                "description": "",
                "from_port": 0,
                "ipv6_cidr_blocks": [],
                "prefix_list_ids": [],
                "protocol": "-1",
                "security_groups": [],
                "self": false,
                "to_port": 0
              }
            ],
            "id": "sg-05bc2763c892979c0",
            "ingress": [
              {
                "cidr_blocks": [
                  "100.52.22.97/32"
                ],
                "description": "Admin Access (SSH/Web) from QA Gateway",
                "from_port": 22,
                "ipv6_cidr_blocks": [],
                "prefix_list_ids": [],
                "protocol": "tcp",
                "security_groups": [],
                "self": false,
                "to_port": 22
              },
              {
                "cidr_blocks": [
                  "100.52.22.97/32"
                ],
                "description": "Grafana UI from QA Gateway",
                "from_port": 3000,
                "ipv6_cidr_blocks": [],
                "prefix_list_ids": [],
                "protocol": "tcp",
                "security_groups": [],
                "self": false,
                "to_port": 3000
              },
              {
                "cidr_blocks": [
                  "100.52.22.97/32"
                ],
                "description": "Prometheus UI from QA Gateway",
                "from_port": 9090,
                "ipv6_cidr_blocks": [],
                "prefix_list_ids": [],
                "protocol": "tcp",
                "security_groups": [],
                "self": false,
                "to_port": 9090
              },
              {
                "cidr_blocks": [
                  "3.220.53.59/32",
                  "54.86.159.130/32"
                ],
                "description": "Redis Access from Trusted App Nodes",
                "from_port": 6379,
                "ipv6_cidr_blocks": [],
                "prefix_list_ids": [],
                "protocol": "tcp",
                "security_groups": [],
                "self": false,
                "to_port": 6379
              }
            ],
            "name": "dermatech-infra-state-sg",
            "name_prefix": "",
            "owner_id": "957842195675",
            "region": "us-east-1",
            "revoke_rules_on_delete": false,
            "tags": {
              "Name": "dermatech-infra-state-sg"
            },
            "tags_all": {
              "Name": "dermatech-infra-state-sg"
            },
            "timeouts": null,
            "vpc_id": "vpc-0da280bc5b4bca2ec"
          },
          "sensitive_attributes": [],
          "identity_schema_version": 0,
          "identity": {
            "account_id": "957842195675",
            "id": "sg-05bc2763c892979c0",
            "region": "us-east-1"
          },
          "private": "eyJlMmJmYjczMC1lY2FhLTExZTYtOGY4OC0zNDM2M2JjN2M0YzAiOnsiY3JlYXRlIjo2MDAwMDAwMDAwMDAsImRlbGV0ZSI6OTAwMDAwMDAwMDAwfSwic2NoZW1hX3ZlcnNpb24iOiIxIn0=",
          "dependencies": [
            "module.networking.aws_vpc.main"
          ]
        }
      ]
    },
    {
      "module": "module.compute",
      "mode": "managed",
      "type": "aws_volume_attachment",
      "name": "state_ebs_att",
      "provider": "provider[\"registry.terraform.io/hashicorp/aws\"]",
      "instances": [
        {
          "schema_version": 0,
          "attributes": {
            "device_name": "/dev/sdf",
            "force_detach": null,
            "id": "vai-2678219871",
            "instance_id": "i-00b5ea9a4b6ba4fcf",
            "region": "us-east-1",
            "skip_destroy": null,
            "stop_instance_before_detaching": null,
            "timeouts": null,
            "volume_id": "vol-0cd85372061aa2938"
          },
          "sensitive_attributes": [],
          "identity_schema_version": 0,
          "private": "eyJlMmJmYjczMC1lY2FhLTExZTYtOGY4OC0zNDM2M2JjN2M0YzAiOnsiY3JlYXRlIjozMDAwMDAwMDAwMDAsImRlbGV0ZSI6MzAwMDAwMDAwMDAwfX0=",
          "dependencies": [
            "module.compute.aws_ebs_volume.state_data_volume",
            "module.compute.aws_instance.state_worker",
            "module.compute.aws_security_group.state_sg",
            "module.networking.aws_subnet.public",
            "module.networking.aws_vpc.main"
          ]
        }
      ]
    },
    {
      "module": "module.networking",
      "mode": "managed",
      "type": "aws_internet_gateway",
      "name": "igw",
      "provider": "provider[\"registry.terraform.io/hashicorp/aws\"]",
      "instances": [
        {
          "schema_version": 0,
          "attributes": {
            "arn": "arn:aws:ec2:us-east-1:957842195675:internet-gateway/igw-03d10ad0976578288",
            "id": "igw-03d10ad0976578288",
            "owner_id": "957842195675",
            "region": "us-east-1",
            "tags": {
              "Name": "dermatech-infra-state-igw"
            },
            "tags_all": {
              "Name": "dermatech-infra-state-igw"
            },
            "timeouts": null,
            "vpc_id": "vpc-0da280bc5b4bca2ec"
          },
          "sensitive_attributes": [],
          "identity_schema_version": 0,
          "private": "eyJlMmJmYjczMC1lY2FhLTExZTYtOGY4OC0zNDM2M2JjN2M0YzAiOnsiY3JlYXRlIjoxMjAwMDAwMDAwMDAwLCJkZWxldGUiOjEyMDAwMDAwMDAwMDAsInVwZGF0ZSI6MTIwMDAwMDAwMDAwMH19",
          "dependencies": [
            "module.networking.aws_vpc.main"
          ]
        }
      ]
    },
    {
      "module": "module.networking",
      "mode": "managed",
      "type": "aws_route_table",
      "name": "public",
      "provider": "provider[\"registry.terraform.io/hashicorp/aws\"]",
      "instances": [
        {
          "schema_version": 0,
          "attributes": {
            "arn": "arn:aws:ec2:us-east-1:957842195675:route-table/rtb-0e7b01a90796c637d",
            "id": "rtb-0e7b01a90796c637d",
            "owner_id": "957842195675",
            "propagating_vgws": [],
            "region": "us-east-1",
            "route": [
              {
                "carrier_gateway_id": "",
                "cidr_block": "0.0.0.0/0",
                "core_network_arn": "",
                "destination_prefix_list_id": "",
                "egress_only_gateway_id": "",
                "gateway_id": "igw-03d10ad0976578288",
                "ipv6_cidr_block": "",
                "local_gateway_id": "",
                "nat_gateway_id": "",
                "network_interface_id": "",
                "transit_gateway_id": "",
                "vpc_endpoint_id": "",
                "vpc_peering_connection_id": ""
              }
            ],
            "tags": {
              "Name": "dermatech-infra-state-public-rt"
            },
            "tags_all": {
              "Name": "dermatech-infra-state-public-rt"
            },
            "timeouts": null,
            "vpc_id": "vpc-0da280bc5b4bca2ec"
          },
          "sensitive_attributes": [],
          "identity_schema_version": 0,
          "identity": {
            "account_id": "957842195675",
            "id": "rtb-0e7b01a90796c637d",
            "region": "us-east-1"
          },
          "private": "eyJlMmJmYjczMC1lY2FhLTExZTYtOGY4OC0zNDM2M2JjN2M0YzAiOnsiY3JlYXRlIjozMDAwMDAwMDAwMDAsImRlbGV0ZSI6MzAwMDAwMDAwMDAwLCJ1cGRhdGUiOjEyMDAwMDAwMDAwMH19",
          "dependencies": [
            "module.networking.aws_internet_gateway.igw",
            "module.networking.aws_vpc.main"
          ]
        }
      ]
    },
    {
      "module": "module.networking",
      "mode": "managed",
      "type": "aws_route_table_association",
      "name": "public",
      "provider": "provider[\"registry.terraform.io/hashicorp/aws\"]",
      "instances": [
        {
          "schema_version": 0,
          "attributes": {
            "gateway_id": "",
            "id": "rtbassoc-0a91f4f08836d11a7",
            "region": "us-east-1",
            "route_table_id": "rtb-0e7b01a90796c637d",
            "subnet_id": "subnet-03a89fe56aa0e961c",
            "timeouts": null
          },
          "sensitive_attributes": [],
          "identity_schema_version": 0,
          "private": "eyJlMmJmYjczMC1lY2FhLTExZTYtOGY4OC0zNDM2M2JjN2M0YzAiOnsiY3JlYXRlIjozMDAwMDAwMDAwMDAsImRlbGV0ZSI6MzAwMDAwMDAwMDAwLCJ1cGRhdGUiOjEyMDAwMDAwMDAwMH19",
          "dependencies": [
            "module.networking.aws_internet_gateway.igw",
            "module.networking.aws_route_table.public",
            "module.networking.aws_subnet.public",
            "module.networking.aws_vpc.main"
          ]
        }
      ]
    },
    {
      "module": "module.networking",
      "mode": "managed",
      "type": "aws_subnet",
      "name": "public",
      "provider": "provider[\"registry.terraform.io/hashicorp/aws\"]",
      "instances": [
        {
          "schema_version": 1,
          "attributes": {
            "arn": "arn:aws:ec2:us-east-1:957842195675:subnet/subnet-03a89fe56aa0e961c",
            "assign_ipv6_address_on_creation": false,
            "availability_zone": "us-east-1a",
            "availability_zone_id": "use1-az6",
            "cidr_block": "10.0.1.0/24",
            "customer_owned_ipv4_pool": "",
            "enable_dns64": false,
            "enable_lni_at_device_index": 0,
            "enable_resource_name_dns_a_record_on_launch": false,
            "enable_resource_name_dns_aaaa_record_on_launch": false,
            "id": "subnet-03a89fe56aa0e961c",
            "ipv6_cidr_block": "",
            "ipv6_cidr_block_association_id": "",
            "ipv6_native": false,
            "map_customer_owned_ip_on_launch": false,
            "map_public_ip_on_launch": true,
            "outpost_arn": "",
            "owner_id": "957842195675",
            "private_dns_hostname_type_on_launch": "ip-name",
            "region": "us-east-1",
            "tags": {
              "Name": "dermatech-infra-state-public-subnet"
            },
            "tags_all": {
              "Name": "dermatech-infra-state-public-subnet"
            },
            "timeouts": null,
            "vpc_id": "vpc-0da280bc5b4bca2ec"
          },
          "sensitive_attributes": [],
          "identity_schema_version": 0,
          "identity": {
            "account_id": "957842195675",
            "id": "subnet-03a89fe56aa0e961c",
            "region": "us-east-1"
          },
          "private": "eyJlMmJmYjczMC1lY2FhLTExZTYtOGY4OC0zNDM2M2JjN2M0YzAiOnsiY3JlYXRlIjo2MDAwMDAwMDAwMDAsImRlbGV0ZSI6MTIwMDAwMDAwMDAwMH0sInNjaGVtYV92ZXJzaW9uIjoiMSJ9",
          "dependencies": [
            "module.networking.aws_vpc.main"
          ]
        }
      ]
    },
    {
      "module": "module.networking",
      "mode": "managed",
      "type": "aws_vpc",
      "name": "main",
      "provider": "provider[\"registry.terraform.io/hashicorp/aws\"]",
      "instances": [
        {
          "schema_version": 1,
          "attributes": {
            "arn": "arn:aws:ec2:us-east-1:957842195675:vpc/vpc-0da280bc5b4bca2ec",
            "assign_generated_ipv6_cidr_block": false,
            "cidr_block": "10.0.0.0/16",
            "default_network_acl_id": "acl-09250cee0f7d5271a",
            "default_route_table_id": "rtb-0e0dd0e01bf9cf9cf",
            "default_security_group_id": "sg-0bdd6ac1421f37142",
            "dhcp_options_id": "dopt-f6454e8d",
            "enable_dns_hostnames": true,
            "enable_dns_support": true,
            "enable_network_address_usage_metrics": false,
            "id": "vpc-0da280bc5b4bca2ec",
            "instance_tenancy": "default",
            "ipv4_ipam_pool_id": null,
            "ipv4_netmask_length": null,
            "ipv6_association_id": "",
            "ipv6_cidr_block": "",
            "ipv6_cidr_block_network_border_group": "",
            "ipv6_ipam_pool_id": "",
            "ipv6_netmask_length": 0,
            "main_route_table_id": "rtb-0e0dd0e01bf9cf9cf",
            "owner_id": "957842195675",
            "region": "us-east-1",
            "tags": {
              "Environment": "infra-state",
              "Name": "dermatech-infra-state-vpc"
            },
            "tags_all": {
              "Environment": "infra-state",
              "Name": "dermatech-infra-state-vpc"
            }
          },
          "sensitive_attributes": [],
          "identity_schema_version": 0,
          "identity": {
            "account_id": "957842195675",
            "id": "vpc-0da280bc5b4bca2ec",
            "region": "us-east-1"
          },
          "private": "eyJzY2hlbWFfdmVyc2lvbiI6IjEifQ=="
        }
      ]
    }
  ],
  "check_results": null
}
