{
  "version": 4,
  "terraform_version": "1.14.1",
  "serial": 28,
  "lineage": "b3548683-7203-b079-388c-2f20b8b246e6",
  "outputs": {
    "NODE_A_PUBLIC_IP": {
      "value": "3.220.53.59",
      "type": "string"
    }
  },
  "resources": [
    {
      "module": "module.compute",
      "mode": "managed",
      "type": "aws_eip",
      "name": "app_eip",
      "provider": "provider[\"registry.terraform.io/hashicorp/aws\"]",
      "instances": [
        {
          "schema_version": 0,
          "attributes": {
            "address": null,
            "allocation_id": "eipalloc-023185aa6f1f7bafb",
            "arn": "arn:aws:ec2:us-east-1:475100560521:elastic-ip/eipalloc-023185aa6f1f7bafb",
            "associate_with_private_ip": null,
            "association_id": "eipassoc-07acd16e381bf7dd2",
            "carrier_ip": "",
            "customer_owned_ip": "",
            "customer_owned_ipv4_pool": "",
            "domain": "vpc",
            "id": "eipalloc-023185aa6f1f7bafb",
            "instance": "i-0e366e76be543998c",
            "ipam_pool_id": null,
            "network_border_group": "us-east-1",
            "network_interface": "eni-0a362e9aaa4eac0c2",
            "private_dns": "ip-10-0-1-10.ec2.internal",
            "private_ip": "10.0.1.10",
            "ptr_record": "",
            "public_dns": "ec2-3-220-53-59.compute-1.amazonaws.com",
            "public_ip": "3.220.53.59",
            "public_ipv4_pool": "amazon",
            "region": "us-east-1",
            "tags": {
              "Name": "dermatech-infra-node-a-eip"
            },
            "tags_all": {
              "Name": "dermatech-infra-node-a-eip"
            },
            "timeouts": null
          },
          "sensitive_attributes": [],
          "identity_schema_version": 0,
          "private": "eyJlMmJmYjczMC1lY2FhLTExZTYtOGY4OC0zNDM2M2JjN2M0YzAiOnsiZGVsZXRlIjoxODAwMDAwMDAwMDAsInJlYWQiOjkwMDAwMDAwMDAwMCwidXBkYXRlIjozMDAwMDAwMDAwMDB9fQ=="
        }
      ]
    },
    {
      "module": "module.compute",
      "mode": "managed",
      "type": "aws_eip_association",
      "name": "app_eip_assoc",
      "provider": "provider[\"registry.terraform.io/hashicorp/aws\"]",
      "instances": [
        {
          "schema_version": 0,
          "attributes": {
            "allocation_id": "eipalloc-023185aa6f1f7bafb",
            "allow_reassociation": null,
            "id": "eipassoc-0d850be3c713d6a81",
            "instance_id": "i-0c7b7af3a5ed5b870",
            "network_interface_id": "eni-03ce58ba492dda6e2",
            "private_ip_address": "10.0.1.10",
            "public_ip": "3.220.53.59",
            "region": "us-east-1"
          },
          "sensitive_attributes": [],
          "identity_schema_version": 0,
          "private": "bnVsbA==",
          "dependencies": [
            "module.compute.aws_eip.app_eip",
            "module.compute.aws_instance.app_worker",
            "module.compute.aws_security_group.app_sg",
            "module.networking.aws_subnet.public",
            "module.networking.aws_vpc.main"
          ]
        }
      ]
    },
    {
      "module": "module.compute",
      "mode": "managed",
      "type": "aws_instance",
      "name": "app_worker",
      "provider": "provider[\"registry.terraform.io/hashicorp/aws\"]",
      "instances": [
        {
          "schema_version": 2,
          "attributes": {
            "ami": "ami-051f7e7f6c2f40dc1",
            "arn": "arn:aws:ec2:us-east-1:475100560521:instance/i-0c7b7af3a5ed5b870",
            "associate_public_ip_address": true,
            "availability_zone": "us-east-1a",
            "capacity_reservation_specification": [
              {
                "capacity_reservation_preference": "open",
                "capacity_reservation_target": []
              }
            ],
            "cpu_options": [
              {
                "amd_sev_snp": "",
                "core_count": 1,
                "threads_per_core": 2
              }
            ],
            "credit_specification": [
              {
                "cpu_credits": "unlimited"
              }
            ],
            "disable_api_stop": false,
            "disable_api_termination": false,
            "ebs_block_device": [],
            "ebs_optimized": false,
            "enable_primary_ipv6": null,
            "enclave_options": [
              {
                "enabled": false
              }
            ],
            "ephemeral_block_device": [],
            "force_destroy": false,
            "get_password_data": false,
            "hibernation": false,
            "host_id": "",
            "host_resource_group_arn": null,
            "iam_instance_profile": "",
            "id": "i-0c7b7af3a5ed5b870",
            "instance_initiated_shutdown_behavior": "stop",
            "instance_lifecycle": "",
            "instance_market_options": [],
            "instance_state": "running",
            "instance_type": "t3.large",
            "ipv6_address_count": 0,
            "ipv6_addresses": [],
            "key_name": "",
            "launch_template": [],
            "maintenance_options": [
              {
                "auto_recovery": "default"
              }
            ],
            "metadata_options": [
              {
                "http_endpoint": "enabled",
                "http_protocol_ipv6": "disabled",
                "http_put_response_hop_limit": 2,
                "http_tokens": "required",
                "instance_metadata_tags": "disabled"
              }
            ],
            "monitoring": false,
            "network_interface": [],
            "outpost_arn": "",
            "password_data": "",
            "placement_group": "",
            "placement_group_id": "",
            "placement_partition_number": 0,
            "primary_network_interface": [
              {
                "delete_on_termination": true,
                "network_interface_id": "eni-03ce58ba492dda6e2"
              }
            ],
            "primary_network_interface_id": "eni-03ce58ba492dda6e2",
            "private_dns": "ip-10-0-1-10.ec2.internal",
            "private_dns_name_options": [
              {
                "enable_resource_name_dns_a_record": false,
                "enable_resource_name_dns_aaaa_record": false,
                "hostname_type": "ip-name"
              }
            ],
            "private_ip": "10.0.1.10",
            "public_dns": "ec2-54-84-48-95.compute-1.amazonaws.com",
            "public_ip": "54.84.48.95",
            "region": "us-east-1",
            "root_block_device": [
              {
                "delete_on_termination": true,
                "device_name": "/dev/xvda",
                "encrypted": false,
                "iops": 3000,
                "kms_key_id": "",
                "tags": null,
                "tags_all": {},
                "throughput": 125,
                "volume_id": "vol-010402379fb20dc5a",
                "volume_size": 25,
                "volume_type": "gp3"
              }
            ],
            "secondary_private_ips": [],
            "security_groups": [],
            "source_dest_check": true,
            "spot_instance_request_id": "",
            "subnet_id": "subnet-00232c52b2f086c49",
            "tags": {
              "Name": "dermatech-infra-node-a-server"
            },
            "tags_all": {
              "Name": "dermatech-infra-node-a-server"
            },
            "tenancy": "default",
            "timeouts": null,
            "user_data": "#!/bin/bash\r\nset -e\r\n\r\n# A. SYSTEM UPDATE \u0026 DEPENDENCIES\r\ndnf update -y\r\ndnf install -y docker git htop\r\n\r\n# B. DOCKER ENGINE SETUP\r\nsystemctl start docker\r\nsystemctl enable docker\r\nusermod -aG docker ec2-user\r\n\r\n# C. INSTALL DOCKER COMPOSE V2\r\nmkdir -p /usr/local/lib/docker/cli-plugins\r\ncurl -SL https://github.com/docker/compose/releases/download/v2.24.0/docker-compose-linux-x86_64 -o /usr/local/lib/docker/cli-plugins/docker-compose\r\nchmod +x /usr/local/lib/docker/cli-plugins/docker-compose\r\n\r\n# D. SWAP MEMORY CONFIGURATION\r\ndd if=/dev/zero of=/swapfile bs=128M count=32\r\nchmod 600 /swapfile\r\nmkswap /swapfile\r\nswapon /swapfile\r\necho \"/swapfile swap swap defaults 0 0\" \u003e\u003e /etc/fstab\r\n\r\n# E. APPLICATION CONFIGURATION\r\nmkdir -p /home/ec2-user/app\r\nchown -R ec2-user:ec2-user /home/ec2-user/app\r\n\r\n# F. ENVIRONMENT VARIABLES INJECTION\r\ncat \u003c\u003cENV \u003e /home/ec2-user/app/.env_infrastructure\r\n# --- Infrastructure Static IPs ---\r\n# WARNING: These MUST match the private_ip configured in Account 03 \u0026 04\r\nEVENTS_HOST=10.0.1.50\r\nSTATE_HOST=10.0.1.60\r\nREDIS_HOST=10.0.1.60\r\nKAFKA_BROKER=10.0.1.50:9092\r\nENV\r\n\r\necho \"[INFO] Cloud-Init Complete.\"\r\n",
            "user_data_base64": null,
            "user_data_replace_on_change": true,
            "volume_tags": null,
            "vpc_security_group_ids": [
              "sg-034c5a0295cd1732a"
            ]
          },
          "sensitive_attributes": [],
          "identity_schema_version": 0,
          "identity": {
            "account_id": "475100560521",
            "id": "i-0c7b7af3a5ed5b870",
            "region": "us-east-1"
          },
          "private": "eyJlMmJmYjczMC1lY2FhLTExZTYtOGY4OC0zNDM2M2JjN2M0YzAiOnsiY3JlYXRlIjo2MDAwMDAwMDAwMDAsImRlbGV0ZSI6MTIwMDAwMDAwMDAwMCwicmVhZCI6OTAwMDAwMDAwMDAwLCJ1cGRhdGUiOjYwMDAwMDAwMDAwMH0sInNjaGVtYV92ZXJzaW9uIjoiMiJ9",
          "dependencies": [
            "module.compute.aws_security_group.app_sg",
            "module.networking.aws_subnet.public",
            "module.networking.aws_vpc.main"
          ]
        }
      ]
    },
    {
      "module": "module.compute",
      "mode": "managed",
      "type": "aws_security_group",
      "name": "app_sg",
      "provider": "provider[\"registry.terraform.io/hashicorp/aws\"]",
      "instances": [
        {
          "schema_version": 1,
          "attributes": {
            "arn": "arn:aws:ec2:us-east-1:475100560521:security-group/sg-034c5a0295cd1732a",
            "description": "Security Group for Application Worker Nodes (Bastion Protected)",
            "egress": [
              {
                "cidr_blocks": [
                  "0.0.0.0/0"
                ],
                "description": "Allow Unrestricted Outbound Traffic",
                "from_port": 0,
                "ipv6_cidr_blocks": [],
                "prefix_list_ids": [],
                "protocol": "-1",
                "security_groups": [],
                "self": false,
                "to_port": 0
              }
            ],
            "id": "sg-034c5a0295cd1732a",
            "ingress": [
              {
                "cidr_blocks": [
                  "100.52.22.97/32"
                ],
                "description": "Microservices Traffic from QA Gateway",
                "from_port": 3000,
                "ipv6_cidr_blocks": [],
                "prefix_list_ids": [],
                "protocol": "tcp",
                "security_groups": [],
                "self": false,
                "to_port": 4000
              },
              {
                "cidr_blocks": [
                  "100.52.22.97/32"
                ],
                "description": "SSH Access from QA Bastion Only",
                "from_port": 22,
                "ipv6_cidr_blocks": [],
                "prefix_list_ids": [],
                "protocol": "tcp",
                "security_groups": [],
                "self": false,
                "to_port": 22
              }
            ],
            "name": "dermatech-infra-node-a-sg",
            "name_prefix": "",
            "owner_id": "475100560521",
            "region": "us-east-1",
            "revoke_rules_on_delete": false,
            "tags": {
              "Name": "dermatech-infra-node-a-sg"
            },
            "tags_all": {
              "Name": "dermatech-infra-node-a-sg"
            },
            "timeouts": null,
            "vpc_id": "vpc-0e2da2d18990a7c7f"
          },
          "sensitive_attributes": [],
          "identity_schema_version": 0,
          "identity": {
            "account_id": "475100560521",
            "id": "sg-034c5a0295cd1732a",
            "region": "us-east-1"
          },
          "private": "eyJlMmJmYjczMC1lY2FhLTExZTYtOGY4OC0zNDM2M2JjN2M0YzAiOnsiY3JlYXRlIjo2MDAwMDAwMDAwMDAsImRlbGV0ZSI6OTAwMDAwMDAwMDAwfSwic2NoZW1hX3ZlcnNpb24iOiIxIn0=",
          "dependencies": [
            "module.networking.aws_vpc.main"
          ]
        }
      ]
    },
    {
      "module": "module.networking",
      "mode": "managed",
      "type": "aws_internet_gateway",
      "name": "igw",
      "provider": "provider[\"registry.terraform.io/hashicorp/aws\"]",
      "instances": [
        {
          "schema_version": 0,
          "attributes": {
            "arn": "arn:aws:ec2:us-east-1:475100560521:internet-gateway/igw-0b08807e0fb89925c",
            "id": "igw-0b08807e0fb89925c",
            "owner_id": "475100560521",
            "region": "us-east-1",
            "tags": {
              "Name": "dermatech-infra-node-a-igw"
            },
            "tags_all": {
              "Name": "dermatech-infra-node-a-igw"
            },
            "timeouts": null,
            "vpc_id": "vpc-0e2da2d18990a7c7f"
          },
          "sensitive_attributes": [],
          "identity_schema_version": 0,
          "private": "eyJlMmJmYjczMC1lY2FhLTExZTYtOGY4OC0zNDM2M2JjN2M0YzAiOnsiY3JlYXRlIjoxMjAwMDAwMDAwMDAwLCJkZWxldGUiOjEyMDAwMDAwMDAwMDAsInVwZGF0ZSI6MTIwMDAwMDAwMDAwMH19",
          "dependencies": [
            "module.networking.aws_vpc.main"
          ]
        }
      ]
    },
    {
      "module": "module.networking",
      "mode": "managed",
      "type": "aws_route_table",
      "name": "public",
      "provider": "provider[\"registry.terraform.io/hashicorp/aws\"]",
      "instances": [
        {
          "schema_version": 0,
          "attributes": {
            "arn": "arn:aws:ec2:us-east-1:475100560521:route-table/rtb-02925ecf9a90f057a",
            "id": "rtb-02925ecf9a90f057a",
            "owner_id": "475100560521",
            "propagating_vgws": [],
            "region": "us-east-1",
            "route": [
              {
                "carrier_gateway_id": "",
                "cidr_block": "0.0.0.0/0",
                "core_network_arn": "",
                "destination_prefix_list_id": "",
                "egress_only_gateway_id": "",
                "gateway_id": "igw-0b08807e0fb89925c",
                "ipv6_cidr_block": "",
                "local_gateway_id": "",
                "nat_gateway_id": "",
                "network_interface_id": "",
                "transit_gateway_id": "",
                "vpc_endpoint_id": "",
                "vpc_peering_connection_id": ""
              }
            ],
            "tags": {
              "Name": "dermatech-infra-node-a-public-rt"
            },
            "tags_all": {
              "Name": "dermatech-infra-node-a-public-rt"
            },
            "timeouts": null,
            "vpc_id": "vpc-0e2da2d18990a7c7f"
          },
          "sensitive_attributes": [],
          "identity_schema_version": 0,
          "identity": {
            "account_id": "475100560521",
            "id": "rtb-02925ecf9a90f057a",
            "region": "us-east-1"
          },
          "private": "eyJlMmJmYjczMC1lY2FhLTExZTYtOGY4OC0zNDM2M2JjN2M0YzAiOnsiY3JlYXRlIjozMDAwMDAwMDAwMDAsImRlbGV0ZSI6MzAwMDAwMDAwMDAwLCJ1cGRhdGUiOjEyMDAwMDAwMDAwMH19",
          "dependencies": [
            "module.networking.aws_internet_gateway.igw",
            "module.networking.aws_vpc.main"
          ]
        }
      ]
    },
    {
      "module": "module.networking",
      "mode": "managed",
      "type": "aws_route_table_association",
      "name": "public",
      "provider": "provider[\"registry.terraform.io/hashicorp/aws\"]",
      "instances": [
        {
          "schema_version": 0,
          "attributes": {
            "gateway_id": "",
            "id": "rtbassoc-0179a70d7d885fcca",
            "region": "us-east-1",
            "route_table_id": "rtb-02925ecf9a90f057a",
            "subnet_id": "subnet-00232c52b2f086c49",
            "timeouts": null
          },
          "sensitive_attributes": [],
          "identity_schema_version": 0,
          "private": "eyJlMmJmYjczMC1lY2FhLTExZTYtOGY4OC0zNDM2M2JjN2M0YzAiOnsiY3JlYXRlIjozMDAwMDAwMDAwMDAsImRlbGV0ZSI6MzAwMDAwMDAwMDAwLCJ1cGRhdGUiOjEyMDAwMDAwMDAwMH19",
          "dependencies": [
            "module.networking.aws_internet_gateway.igw",
            "module.networking.aws_route_table.public",
            "module.networking.aws_subnet.public",
            "module.networking.aws_vpc.main"
          ]
        }
      ]
    },
    {
      "module": "module.networking",
      "mode": "managed",
      "type": "aws_subnet",
      "name": "public",
      "provider": "provider[\"registry.terraform.io/hashicorp/aws\"]",
      "instances": [
        {
          "schema_version": 1,
          "attributes": {
            "arn": "arn:aws:ec2:us-east-1:475100560521:subnet/subnet-00232c52b2f086c49",
            "assign_ipv6_address_on_creation": false,
            "availability_zone": "us-east-1a",
            "availability_zone_id": "use1-az2",
            "cidr_block": "10.0.1.0/24",
            "customer_owned_ipv4_pool": "",
            "enable_dns64": false,
            "enable_lni_at_device_index": 0,
            "enable_resource_name_dns_a_record_on_launch": false,
            "enable_resource_name_dns_aaaa_record_on_launch": false,
            "id": "subnet-00232c52b2f086c49",
            "ipv6_cidr_block": "",
            "ipv6_cidr_block_association_id": "",
            "ipv6_native": false,
            "map_customer_owned_ip_on_launch": false,
            "map_public_ip_on_launch": true,
            "outpost_arn": "",
            "owner_id": "475100560521",
            "private_dns_hostname_type_on_launch": "ip-name",
            "region": "us-east-1",
            "tags": {
              "Name": "dermatech-infra-node-a-public-subnet"
            },
            "tags_all": {
              "Name": "dermatech-infra-node-a-public-subnet"
            },
            "timeouts": null,
            "vpc_id": "vpc-0e2da2d18990a7c7f"
          },
          "sensitive_attributes": [],
          "identity_schema_version": 0,
          "identity": {
            "account_id": "475100560521",
            "id": "subnet-00232c52b2f086c49",
            "region": "us-east-1"
          },
          "private": "eyJlMmJmYjczMC1lY2FhLTExZTYtOGY4OC0zNDM2M2JjN2M0YzAiOnsiY3JlYXRlIjo2MDAwMDAwMDAwMDAsImRlbGV0ZSI6MTIwMDAwMDAwMDAwMH0sInNjaGVtYV92ZXJzaW9uIjoiMSJ9",
          "dependencies": [
            "module.networking.aws_vpc.main"
          ]
        }
      ]
    },
    {
      "module": "module.networking",
      "mode": "managed",
      "type": "aws_vpc",
      "name": "main",
      "provider": "provider[\"registry.terraform.io/hashicorp/aws\"]",
      "instances": [
        {
          "schema_version": 1,
          "attributes": {
            "arn": "arn:aws:ec2:us-east-1:475100560521:vpc/vpc-0e2da2d18990a7c7f",
            "assign_generated_ipv6_cidr_block": false,
            "cidr_block": "10.0.0.0/16",
            "default_network_acl_id": "acl-0438691b5e2566ec1",
            "default_route_table_id": "rtb-05c8f3d1fe5a14808",
            "default_security_group_id": "sg-053c9d4650e7938dc",
            "dhcp_options_id": "dopt-d4747faf",
            "enable_dns_hostnames": true,
            "enable_dns_support": true,
            "enable_network_address_usage_metrics": false,
            "id": "vpc-0e2da2d18990a7c7f",
            "instance_tenancy": "default",
            "ipv4_ipam_pool_id": null,
            "ipv4_netmask_length": null,
            "ipv6_association_id": "",
            "ipv6_cidr_block": "",
            "ipv6_cidr_block_network_border_group": "",
            "ipv6_ipam_pool_id": "",
            "ipv6_netmask_length": 0,
            "main_route_table_id": "rtb-05c8f3d1fe5a14808",
            "owner_id": "475100560521",
            "region": "us-east-1",
            "tags": {
              "Environment": "infra-node-a",
              "Name": "dermatech-infra-node-a-vpc"
            },
            "tags_all": {
              "Environment": "infra-node-a",
              "Name": "dermatech-infra-node-a-vpc"
            }
          },
          "sensitive_attributes": [],
          "identity_schema_version": 0,
          "identity": {
            "account_id": "475100560521",
            "id": "vpc-0e2da2d18990a7c7f",
            "region": "us-east-1"
          },
          "private": "eyJzY2hlbWFfdmVyc2lvbiI6IjEifQ=="
        }
      ]
    }
  ],
  "check_results": null
}
